// !$*UTF8*$!
{
	archiveVersion = 1;
	classes = {
	};
	objectVersion = 56;
	objects = {

/* Begin PBXBuildFile section */
		84064BDE297DDF8000D3CFC9 /* AppDelegate.swift in Sources */ = {isa = PBXBuildFile; fileRef = 84064BDD297DDF8000D3CFC9 /* AppDelegate.swift */; };
		84064BE0297DDF8000D3CFC9 /* SceneDelegate.swift in Sources */ = {isa = PBXBuildFile; fileRef = 84064BDF297DDF8000D3CFC9 /* SceneDelegate.swift */; };
		84064BE2297DDF8000D3CFC9 /* ViewController.swift in Sources */ = {isa = PBXBuildFile; fileRef = 84064BE1297DDF8000D3CFC9 /* ViewController.swift */; };
		84064BE5297DDF8000D3CFC9 /* Main.storyboard in Resources */ = {isa = PBXBuildFile; fileRef = 84064BE3297DDF8000D3CFC9 /* Main.storyboard */; };
		84064BE7297DDF8400D3CFC9 /* Assets.xcassets in Resources */ = {isa = PBXBuildFile; fileRef = 84064BE6297DDF8400D3CFC9 /* Assets.xcassets */; };
		84064BEA297DDF8400D3CFC9 /* LaunchScreen.storyboard in Resources */ = {isa = PBXBuildFile; fileRef = 84064BE8297DDF8400D3CFC9 /* LaunchScreen.storyboard */; };
		84064BF6297DE1FD00D3CFC9 /* CustomTableViewCell.swift in Sources */ = {isa = PBXBuildFile; fileRef = 84064BF4297DE1FD00D3CFC9 /* CustomTableViewCell.swift */; };
		84064BF7297DE1FD00D3CFC9 /* CustomTableViewCell.xib in Resources */ = {isa = PBXBuildFile; fileRef = 84064BF5297DE1FD00D3CFC9 /* CustomTableViewCell.xib */; };
		84461828297DF21B00EAAEA3 /* Post .swift in Sources */ = {isa = PBXBuildFile; fileRef = 84461827297DF21B00EAAEA3 /* Post .swift */; };
/* End PBXBuildFile section */

/* Begin PBXFileReference section */
		84064BDA297DDF8000D3CFC9 /* Task 11.app */ = {isa = PBXFileReference; explicitFileType = wrapper.application; includeInIndex = 0; path = "Task 11.app"; sourceTree = BUILT_PRODUCTS_DIR; };
		84064BDD297DDF8000D3CFC9 /* AppDelegate.swift */ = {isa = PBXFileReference; lastKnownFileType = sourcecode.swift; path = AppDelegate.swift; sourceTree = "<group>"; };
		84064BDF297DDF8000D3CFC9 /* SceneDelegate.swift */ = {isa = PBXFileReference; lastKnownFileType = sourcecode.swift; path = SceneDelegate.swift; sourceTree = "<group>"; };
		84064BE1297DDF8000D3CFC9 /* ViewController.swift */ = {isa = PBXFileReference; lastKnownFileType = sourcecode.swift; path = ViewController.swift; sourceTree = "<group>"; };
		84064BE4297DDF8000D3CFC9 /* Base */ = {isa = PBXFileReference; lastKnownFileType = file.storyboard; name = Base; path = Base.lproj/Main.storyboard; sourceTree = "<group>"; };
		84064BE6297DDF8400D3CFC9 /* Assets.xcassets */ = {isa = PBXFileReference; lastKnownFileType = folder.assetcatalog; path = Assets.xcassets; sourceTree = "<group>"; };
		84064BE9297DDF8400D3CFC9 /* Base */ = {isa = PBXFileReference; lastKnownFileType = file.storyboard; name = Base; path = Base.lproj/LaunchScreen.storyboard; sourceTree = "<group>"; };
		84064BEB297DDF8400D3CFC9 /* Info.plist */ = {isa = PBXFileReference; lastKnownFileType = text.plist.xml; path = Info.plist; sourceTree = "<group>"; };
		84064BF4297DE1FD00D3CFC9 /* CustomTableViewCell.swift */ = {isa = PBXFileReference; lastKnownFileType = sourcecode.swift; path = CustomTableViewCell.swift; sourceTree = "<group>"; };
		84064BF5297DE1FD00D3CFC9 /* CustomTableViewCell.xib */ = {isa = PBXFileReference; lastKnownFileType = file.xib; path = CustomTableViewCell.xib; sourceTree = "<group>"; };
		84461827297DF21B00EAAEA3 /* Post .swift */ = {isa = PBXFileReference; lastKnownFileType = sourcecode.swift; path = "Post .swift"; sourceTree = "<group>"; };
/* End PBXFileReference section */

/* Begin PBXFrameworksBuildPhase section */
		84064BD7297DDF8000D3CFC9 /* Frameworks */ = {
			isa = PBXFrameworksBuildPhase;
			buildActionMask = 2147483647;
			files = (
			);
			runOnlyForDeploymentPostprocessing = 0;
		};
/* End PBXFrameworksBuildPhase section */

/* Begin PBXGroup section */
		84064BD1297DDF8000D3CFC9 = {
			isa = PBXGroup;
			children = (
				84064BDC297DDF8000D3CFC9 /* Task 11 */,
				84064BDB297DDF8000D3CFC9 /* Products */,
			);
			sourceTree = "<group>";
		};
		84064BDB297DDF8000D3CFC9 /* Products */ = {
			isa = PBXGroup;
			children = (
				84064BDA297DDF8000D3CFC9 /* Task 11.app */,
			);
			name = Products;
			sourceTree = "<group>";
		};
		84064BDC297DDF8000D3CFC9 /* Task 11 */ = {
			isa = PBXGroup;
			children = (
				84064BF1297DE1AD00D3CFC9 /* CustomCells */,
				84064BDD297DDF8000D3CFC9 /* AppDelegate.swift */,
				84064BDF297DDF8000D3CFC9 /* SceneDelegate.swift */,
				84064BE1297DDF8000D3CFC9 /* ViewController.swift */,
				84461827297DF21B00EAAEA3 /* Post .swift */,
				84064BE3297DDF8000D3CFC9 /* Main.storyboard */,
				84064BE6297DDF8400D3CFC9 /* Assets.xcassets */,
				84064BE8297DDF8400D3CFC9 /* LaunchScreen.storyboard */,
				84064BEB297DDF8400D3CFC9 /* Info.plist */,
			);
			path = "Task 11";
			sourceTree = "<group>";
		};
		84064BF1297DE1AD00D3CFC9 /* CustomCells */ = {
			isa = PBXGroup;
			children = (
				84064BF4297DE1FD00D3CFC9 /* CustomTableViewCell.swift */,
				84064BF5297DE1FD00D3CFC9 /* CustomTableViewCell.xib */,
			);
			path = CustomCells;
			sourceTree = "<group>";
		};
/* End PBXGroup section */

/* Begin PBXNativeTarget section */
		84064BD9297DDF8000D3CFC9 /* Task 11 */ = {
			isa = PBXNativeTarget;
			buildConfigurationList = 84064BEE297DDF8400D3CFC9 /* Build configuration list for PBXNativeTarget "Task 11" */;
			buildPhases = (
				84064BD6297DDF8000D3CFC9 /* Sources */,
				84064BD7297DDF8000D3CFC9 /* Frameworks */,
				84064BD8297DDF8000D3CFC9 /* Resources */,
			);
			buildRules = (
			);
			dependencies = (
			);
			name = "Task 11";
			productName = "Task 11";
			productReference = 84064BDA297DDF8000D3CFC9 /* Task 11.app */;
			productType = "com.apple.product-type.application";
		};
/* End PBXNativeTarget section */

/* Begin PBXProject section */
		84064BD2297DDF8000D3CFC9 /* Project object */ = {
			isa = PBXProject;
			attributes = {
				BuildIndependentTargetsInParallel = 1;
				LastSwiftUpdateCheck = 1400;
				LastUpgradeCheck = 1400;
				TargetAttributes = {
					84064BD9297DDF8000D3CFC9 = {
						CreatedOnToolsVersion = 14.0.1;
					};
				};
			};
			buildConfigurationList = 84064BD5297DDF8000D3CFC9 /* Build configuration list for PBXProject "Task 11" */;
			compatibilityVersion = "Xcode 14.0";
			developmentRegion = en;
			hasScannedForEncodings = 0;
			knownRegions = (
				en,
				Base,
			);
			mainGroup = 84064BD1297DDF8000D3CFC9;
			productRefGroup = 84064BDB297DDF8000D3CFC9 /* Products */;
			projectDirPath = "";
			projectRoot = "";
			targets = (
				84064BD9297DDF8000D3CFC9 /* Task 11 */,
			);
		};
/* End PBXProject section */

/* Begin PBXResourcesBuildPhase section */
		84064BD8297DDF8000D3CFC9 /* Resources */ = {
			isa = PBXResourcesBuildPhase;
			buildActionMask = 2147483647;
			files = (
				84064BEA297DDF8400D3CFC9 /* LaunchScreen.storyboard in Resources */,
				84064BE7297DDF8400D3CFC9 /* Assets.xcassets in Resources */,
				84064BF7297DE1FD00D3CFC9 /* CustomTableViewCell.xib in Resources */,
				84064BE5297DDF8000D3CFC9 /* Main.storyboard in Resources */,
			);
			runOnlyForDeploymentPostprocessing = 0;
		};
/* End PBXResourcesBuildPhase section */

/* Begin PBXSourcesBuildPhase section */
		84064BD6297DDF8000D3CFC9 /* Sources */ = {
			isa = PBXSourcesBuildPhase;
			buildActionMask = 2147483647;
			files = (
				84064BE2297DDF8000D3CFC9 /* ViewController.swift in Sources */,
				84064BDE297DDF8000D3CFC9 /* AppDelegate.swift in Sources */,
				84461828297DF21B00EAAEA3 /* Post .swift in Sources */,
				84064BF6297DE1FD00D3CFC9 /* CustomTableViewCell.swift in Sources */,
				84064BE0297DDF8000D3CFC9 /* SceneDelegate.swift in Sources */,
			);
			runOnlyForDeploymentPostprocessing = 0;
		};
/* End PBXSourcesBuildPhase section */

/* Begin PBXVariantGroup section */
		84064BE3297DDF8000D3CFC9 /* Main.storyboard */ = {
			isa = PBXVariantGroup;
			children = (
				84064BE4297DDF8000D3CFC9 /* Base */,
			);
			name = Main.storyboard;
			sourceTree = "<group>";
		};
		84064BE8297DDF8400D3CFC9 /* LaunchScreen.storyboard */ = {
			isa = PBXVariantGroup;
			children = (
				84064BE9297DDF8400D3CFC9 /* Base */,
			);
			name = LaunchScreen.storyboard;
			sourceTree = "<group>";
		};
/* End PBXVariantGroup section */

/* Begin XCBuildConfiguration section */
		84064BEC297DDF8400D3CFC9 /* Debug */ = {
			isa = XCBuildConfiguration;
			buildSettings = {
				ALWAYS_SEARCH_USER_PATHS = NO;
				CLANG_ANALYZER_NONNULL = YES;
				CLANG_ANALYZER_NUMBER_OBJECT_CONVERSION = YES_AGGRESSIVE;
				CLANG_CXX_LANGUAGE_STANDARD = "gnu++20";
				CLANG_ENABLE_MODULES = YES;
				CLANG_ENABLE_OBJC_ARC = YES;
				CLANG_ENABLE_OBJC_WEAK = YES;
				CLANG_WARN_BLOCK_CAPTURE_AUTORELEASING = YES;
				CLANG_WARN_BOOL_CONVERSION = YES;
				CLANG_WARN_COMMA = YES;
				CLANG_WARN_CONSTANT_CONVERSION = YES;
				CLANG_WARN_DEPRECATED_OBJC_IMPLEMENTATIONS = YES;
				CLANG_WARN_DIRECT_OBJC_ISA_USAGE = YES_ERROR;
				CLANG_WARN_DOCUMENTATION_COMMENTS = YES;
				CLANG_WARN_EMPTY_BODY = YES;
				CLANG_WARN_ENUM_CONVERSION = YES;
				CLANG_WARN_INFINITE_RECURSION = YES;
				CLANG_WARN_INT_CONVERSION = YES;
				CLANG_WARN_NON_LITERAL_NULL_CONVERSION = YES;
				CLANG_WARN_OBJC_IMPLICIT_RETAIN_SELF = YES;
				CLANG_WARN_OBJC_LITERAL_CONVERSION = YES;
				CLANG_WARN_OBJC_ROOT_CLASS = YES_ERROR;
				CLANG_WARN_QUOTED_INCLUDE_IN_FRAMEWORK_HEADER = YES;
				CLANG_WARN_RANGE_LOOP_ANALYSIS = YES;
				CLANG_WARN_STRICT_PROTOTYPES = YES;
				CLANG_WARN_SUSPICIOUS_MOVE = YES;
				CLANG_WARN_UNGUARDED_AVAILABILITY = YES_AGGRESSIVE;
				CLANG_WARN_UNREACHABLE_CODE = YES;
				CLANG_WARN__DUPLICATE_METHOD_MATCH = YES;
				COPY_PHASE_STRIP = NO;
				DEBUG_INFORMATION_FORMAT = dwarf;
				ENABLE_STRICT_OBJC_MSGSEND = YES;
				ENABLE_TESTABILITY = YES;
				GCC_C_LANGUAGE_STANDARD = gnu11;
				GCC_DYNAMIC_NO_PIC = NO;
				GCC_NO_COMMON_BLOCKS = YES;
				GCC_OPTIMIZATION_LEVEL = 0;
				GCC_PREPROCESSOR_DEFINITIONS = (
					"DEBUG=1",
					"$(inherited)",
				);
				GCC_WARN_64_TO_32_BIT_CONVERSION = YES;
				GCC_WARN_ABOUT_RETURN_TYPE = YES_ERROR;
				GCC_WARN_UNDECLARED_SELECTOR = YES;
				GCC_WARN_UNINITIALIZED_AUTOS = YES_AGGRESSIVE;
				GCC_WARN_UNUSED_FUNCTION = YES;
				GCC_WARN_UNUSED_VARIABLE = YES;
				IPHONEOS_DEPLOYMENT_TARGET = 16.0;
				MTL_ENABLE_DEBUG_INFO = INCLUDE_SOURCE;
				MTL_FAST_MATH = YES;
				ONLY_ACTIVE_ARCH = YES;
				SDKROOT = iphoneos;
				SWIFT_ACTIVE_COMPILATION_CONDITIONS = DEBUG;
				SWIFT_OPTIMIZATION_LEVEL = "-Onone";
			};
			name = Debug;
		};
		84064BED297DDF8400D3CFC9 /* Release */ = {
			isa = XCBuildConfiguration;
			buildSettings = {
				ALWAYS_SEARCH_USER_PATHS = NO;
				CLANG_ANALYZER_NONNULL = YES;
				CLANG_ANALYZER_NUMBER_OBJECT_CONVERSION = YES_AGGRESSIVE;
				CLANG_CXX_LANGUAGE_STANDARD = "gnu++20";
				CLANG_ENABLE_MODULES = YES;
				CLANG_ENABLE_OBJC_ARC = YES;
				CLANG_ENABLE_OBJC_WEAK = YES;
				CLANG_WARN_BLOCK_CAPTURE_AUTORELEASING = YES;
				CLANG_WARN_BOOL_CONVERSION = YES;
				CLANG_WARN_COMMA = YES;
				CLANG_WARN_CONSTANT_CONVERSION = YES;
				CLANG_WARN_DEPRECATED_OBJC_IMPLEMENTATIONS = YES;
				CLANG_WARN_DIRECT_OBJC_ISA_USAGE = YES_ERROR;
				CLANG_WARN_DOCUMENTATION_COMMENTS = YES;
				CLANG_WARN_EMPTY_BODY = YES;
				CLANG_WARN_ENUM_CONVERSION = YES;
				CLANG_WARN_INFINITE_RECURSION = YES;
				CLANG_WARN_INT_CONVERSION = YES;
				CLANG_WARN_NON_LITERAL_NULL_CONVERSION = YES;
				CLANG_WARN_OBJC_IMPLICIT_RETAIN_SELF = YES;
				CLANG_WARN_OBJC_LITERAL_CONVERSION = YES;
				CLANG_WARN_OBJC_ROOT_CLASS = YES_ERROR;
				CLANG_WARN_QUOTED_INCLUDE_IN_FRAMEWORK_HEADER = YES;
				CLANG_WARN_RANGE_LOOP_ANALYSIS = YES;
				CLANG_WARN_STRICT_PROTOTYPES = YES;
				CLANG_WARN_SUSPICIOUS_MOVE = YES;
				CLANG_WARN_UNGUARDED_AVAILABILITY = YES_AGGRESSIVE;
				CLANG_WARN_UNREACHABLE_CODE = YES;
				CLANG_WARN__DUPLICATE_METHOD_MATCH = YES;
				COPY_PHASE_STRIP = NO;
				DEBUG_INFORMATION_FORMAT = "dwarf-with-dsym";
				ENABLE_NS_ASSERTIONS = NO;
				ENABLE_STRICT_OBJC_MSGSEND = YES;
				GCC_C_LANGUAGE_STANDARD = gnu11;
				GCC_NO_COMMON_BLOCKS = YES;
				GCC_WARN_64_TO_32_BIT_CONVERSION = YES;
				GCC_WARN_ABOUT_RETURN_TYPE = YES_ERROR;
				GCC_WARN_UNDECLARED_SELECTOR = YES;
				GCC_WARN_UNINITIALIZED_AUTOS = YES_AGGRESSIVE;
				GCC_WARN_UNUSED_FUNCTION = YES;
				GCC_WARN_UNUSED_VARIABLE = YES;
				IPHONEOS_DEPLOYMENT_TARGET = 16.0;
				MTL_ENABLE_DEBUG_INFO = NO;
				MTL_FAST_MATH = YES;
				SDKROOT = iphoneos;
				SWIFT_COMPILATION_MODE = wholemodule;
				SWIFT_OPTIMIZATION_LEVEL = "-O";
				VALIDATE_PRODUCT = YES;
			};
			name = Release;
		};
		84064BEF297DDF8400D3CFC9 /* Debug */ = {
			isa = XCBuildConfiguration;
			buildSettings = {
				ASSETCATALOG_COMPILER_APPICON_NAME = AppIcon;
				ASSETCATALOG_COMPILER_GLOBAL_ACCENT_COLOR_NAME = AccentColor;
				CODE_SIGN_STYLE = Automatic;
				CURRENT_PROJECT_VERSION = 1;
				DEVELOPMENT_TEAM = CC7XKUU729;
				GENERATE_INFOPLIST_FILE = YES;
				INFOPLIST_FILE = "Task 11/Info.plist";
				INFOPLIST_KEY_UIApplicationSupportsIndirectInputEvents = YES;
				INFOPLIST_KEY_UILaunchStoryboardName = LaunchScreen;
				INFOPLIST_KEY_UIMainStoryboardFile = Main;
				INFOPLIST_KEY_UISupportedInterfaceOrientations_iPad = "UIInterfaceOrientationPortrait UIInterfaceOrientationPortraitUpsideDown UIInterfaceOrientationLandscapeLeft UIInterfaceOrientationLandscapeRight";
				INFOPLIST_KEY_UISupportedInterfaceOrientations_iPhone = "UIInterfaceOrientationPortrait UIInterfaceOrientationLandscapeLeft UIInterfaceOrientationLandscapeRight";
				LD_RUNPATH_SEARCH_PATHS = (
					"$(inherited)",
					"@executable_path/Frameworks",
				);
				MARKETING_VERSION = 1.0;
				PRODUCT_BUNDLE_IDENTIFIER = "MD.Task-11";
				PRODUCT_NAME = "$(TARGET_NAME)";
				SWIFT_EMIT_LOC_STRINGS = YES;
				SWIFT_VERSION = 5.0;
				TARGETED_DEVICE_FAMILY = "1,2";
			};
			name = Debug;
		};
		84064BF0297DDF8400D3CFC9 /* Release */ = {
			isa = XCBuildConfiguration;
			buildSettings = {
				ASSETCATALOG_COMPILER_APPICON_NAME = AppIcon;
				ASSETCATALOG_COMPILER_GLOBAL_ACCENT_COLOR_NAME = AccentColor;
				CODE_SIGN_STYLE = Automatic;
				CURRENT_PROJECT_VERSION = 1;
				DEVELOPMENT_TEAM = CC7XKUU729;
				GENERATE_INFOPLIST_FILE = YES;
				INFOPLIST_FILE = "Task 11/Info.plist";
				INFOPLIST_KEY_UIApplicationSupportsIndirectInputEvents = YES;
				INFOPLIST_KEY_UILaunchStoryboardName = LaunchScreen;
				INFOPLIST_KEY_UIMainStoryboardFile = Main;
				INFOPLIST_KEY_UISupportedInterfaceOrientations_iPad = "UIInterfaceOrientationPortrait UIInterfaceOrientationPortraitUpsideDown UIInterfaceOrientationLandscapeLeft UIInterfaceOrientationLandscapeRight";
				INFOPLIST_KEY_UISupportedInterfaceOrientations_iPhone = "UIInterfaceOrientationPortrait UIInterfaceOrientationLandscapeLeft UIInterfaceOrientationLandscapeRight";
				LD_RUNPATH_SEARCH_PATHS = (
					"$(inherited)",
					"@executable_path/Frameworks",
				);
				MARKETING_VERSION = 1.0;
				PRODUCT_BUNDLE_IDENTIFIER = "MD.Task-11";
				PRODUCT_NAME = "$(TARGET_NAME)";
				SWIFT_EMIT_LOC_STRINGS = YES;
				SWIFT_VERSION = 5.0;
				TARGETED_DEVICE_FAMILY = "1,2";
			};
			name = Release;
		};
/* End XCBuildConfiguration section */

/* Begin XCConfigurationList section */
		84064BD5297DDF8000D3CFC9 /* Build configuration list for PBXProject "Task 11" */ = {
			isa = XCConfigurationList;
			buildConfigurations = (
				84064BEC297DDF8400D3CFC9 /* Debug */,
				84064BED297DDF8400D3CFC9 /* Release */,
			);
			defaultConfigurationIsVisible = 0;
			defaultConfigurationName = Release;
		};
		84064BEE297DDF8400D3CFC9 /* Build configuration list for PBXNativeTarget "Task 11" */ = {
			isa = XCConfigurationList;
			buildConfigurations = (
				84064BEF297DDF8400D3CFC9 /* Debug */,
				84064BF0297DDF8400D3CFC9 /* Release */,
			);
			defaultConfigurationIsVisible = 0;
			defaultConfigurationName = Release;
		};
/* End XCConfigurationList section */
	};
	rootObject = 84064BD2297DDF8000D3CFC9 /* Project object */;
}
